
Microsoft Visual Studio Solution File, Format Version 12.00
# Visual Studio 15
VisualStudioVersion = 15.0.26730.12
MinimumVisualStudioVersion = 10.0.40219.1
Project("{E24C65DC-7377-472B-9ABA-BC803B73C61A}") = "Gysm", "..\", "{FB629F68-B669-401A-AEB5-44CA23A362A7}"
	ProjectSection(WebsiteProperties) = preProject
		TargetFrameworkMoniker = ".NETFramework,Version%3Dv4.0"
		Debug.AspNetCompiler.VirtualPath = "/localhost_16421"
		Debug.AspNetCompiler.PhysicalPath = "..\..\Gysm\"
		Debug.AspNetCompiler.TargetPath = "PrecompiledWeb\localhost_16421\"
		Debug.AspNetCompiler.Updateable = "true"
		Debug.AspNetCompiler.ForceOverwrite = "true"
		Debug.AspNetCompiler.FixedNames = "false"
		Debug.AspNetCompiler.Debug = "True"
		Release.AspNetCompiler.VirtualPath = "/localhost_16421"
		Release.AspNetCompiler.PhysicalPath = "..\..\Gysm\"
		Release.AspNetCompiler.TargetPath = "PrecompiledWeb\localhost_16421\"
		Release.AspNetCompiler.Updateable = "true"
		Release.AspNetCompiler.ForceOverwrite = "true"
		Release.AspNetCompiler.FixedNames = "false"
		Release.AspNetCompiler.Debug = "False"
		VWDPort = "16421"
		SlnRelativePath = "..\..\Gysm\"
	EndProjectSection
EndProject
Project("{FAE04EC0-301F-11D3-BF4B-00C04F79EFBC}") = "shuatiORM", "..\shuatiORM\shuatiORM.csproj", "{4B67DC77-ABA6-4BF9-AB30-CDD245743EF7}"
EndProject
Global
	GlobalSection(SolutionConfigurationPlatforms) = preSolution
		Debug|Any CPU = Debug|Any CPU
		Release|Any CPU = Release|Any CPU
	EndGlobalSection
	GlobalSection(ProjectConfigurationPlatforms) = postSolution
		{FB629F68-B669-401A-AEB5-44CA23A362A7}.Debug|Any CPU.ActiveCfg = Debug|Any CPU
		{FB629F68-B669-401A-AEB5-44CA23A362A7}.Debug|Any CPU.Build.0 = Debug|Any CPU
		{FB629F68-B669-401A-AEB5-44CA23A362A7}.Release|Any CPU.ActiveCfg = Debug|Any CPU
		{FB629F68-B669-401A-AEB5-44CA23A362A7}.Release|Any CPU.Build.0 = Debug|Any CPU
		{4B67DC77-ABA6-4BF9-AB30-CDD245743EF7}.Debug|Any CPU.ActiveCfg = Debug|Any CPU
		{4B67DC77-ABA6-4BF9-AB30-CDD245743EF7}.Debug|Any CPU.Build.0 = Debug|Any CPU
		{4B67DC77-ABA6-4BF9-AB30-CDD245743EF7}.Release|Any CPU.ActiveCfg = Release|Any CPU
		{4B67DC77-ABA6-4BF9-AB30-CDD245743EF7}.Release|Any CPU.Build.0 = Release|Any CPU
	EndGlobalSection
	GlobalSection(SolutionProperties) = preSolution
		HideSolutionNode = FALSE
	EndGlobalSection
	GlobalSection(ExtensibilityGlobals) = postSolution
		SolutionGuid = {3873F98A-9532-45E3-BEC6-F59FEF3C4251}
	EndGlobalSection
EndGlobal
